
Microsoft Visual Studio Solution File, Format Version 12.00
# Visual Studio Version 17
VisualStudioVersion = 17.3.32929.385
MinimumVisualStudioVersion = 10.0.40219.1
Project("{2150E333-8FDC-42A3-9474-1A3956D46DE8}") = "Solution Items", "Solution Items", "{7F6C0C52-C368-4B8C-AA8C-3781D81A968B}"
	ProjectSection(SolutionItems) = preProject
		.editorconfig = .editorconfig
	EndProjectSection
EndProject
Project("{FAE04EC0-301F-11D3-BF4B-00C04F79EFBC}") = "DataGrid_Kisel", "DataGrid_Kisel\DataGrid_Kisel.csproj", "{DFC9CB7A-5F95-4C4B-8E7B-4D8A2C6D7978}"
EndProject
Project("{FAE04EC0-301F-11D3-BF4B-00C04F79EFBC}") = "NugetForGrid", "..\NugetForGrid\NugetForGrid.csproj", "{F7EFFEAB-FE2B-4E53-AEE3-67D919C66EB9}"
EndProject
Global
	GlobalSection(SolutionConfigurationPlatforms) = preSolution
		Debug|Any CPU = Debug|Any CPU
		Release|Any CPU = Release|Any CPU
	EndGlobalSection
	GlobalSection(ProjectConfigurationPlatforms) = postSolution
		{DFC9CB7A-5F95-4C4B-8E7B-4D8A2C6D7978}.Debug|Any CPU.ActiveCfg = Debug|Any CPU
		{DFC9CB7A-5F95-4C4B-8E7B-4D8A2C6D7978}.Debug|Any CPU.Build.0 = Debug|Any CPU
		{DFC9CB7A-5F95-4C4B-8E7B-4D8A2C6D7978}.Release|Any CPU.ActiveCfg = Release|Any CPU
		{DFC9CB7A-5F95-4C4B-8E7B-4D8A2C6D7978}.Release|Any CPU.Build.0 = Release|Any CPU
		{F7EFFEAB-FE2B-4E53-AEE3-67D919C66EB9}.Debug|Any CPU.ActiveCfg = Debug|Any CPU
		{F7EFFEAB-FE2B-4E53-AEE3-67D919C66EB9}.Debug|Any CPU.Build.0 = Debug|Any CPU
		{F7EFFEAB-FE2B-4E53-AEE3-67D919C66EB9}.Release|Any CPU.ActiveCfg = Release|Any CPU
		{F7EFFEAB-FE2B-4E53-AEE3-67D919C66EB9}.Release|Any CPU.Build.0 = Release|Any CPU
	EndGlobalSection
	GlobalSection(SolutionProperties) = preSolution
		HideSolutionNode = FALSE
	EndGlobalSection
	GlobalSection(ExtensibilityGlobals) = postSolution
		SolutionGuid = {1EDD50B0-97EC-4C09-B52F-81DDB5BDE008}
	EndGlobalSection
EndGlobal
